{
  "requires": true,
  "lockfileVersion": 1,
  "dependencies": {
    "@openapitools/openapi-generator-cli": {
      "version": "0.0.15-4.0.3",
      "resolved": "https://registry.npmjs.org/@openapitools/openapi-generator-cli/-/openapi-generator-cli-0.0.15-4.0.3.tgz",
      "integrity": "sha512-JepjCI6j7LPCPpoB0Q0lmpDFNjEjVzLEpHmpDg1DOopUeoY8OzF8hW+jLVucweDSGd2kNiAtyOyYBKBLutFdIg=="
    }
  }
}
